// !$*UTF8*$!
{
	archiveVersion = 1;
	classes = {
	};
	objectVersion = 46;
	objects = {

/* Begin PBXBuildFile section */
		2C03D34D19D22FF800B465E4 /* LeftEdgeGradient.png in Resources */ = {isa = PBXBuildFile; fileRef = 2C03D34B19D22FF800B465E4 /* LeftEdgeGradient.png */; };
		2C03D35019D2301500B465E4 /* RightEdgeGradient.png in Resources */ = {isa = PBXBuildFile; fileRef = 2C03D34F19D2301500B465E4 /* RightEdgeGradient.png */; };
		2C28C80C197FC4E6006D1F29 /* CustomTableViewCell.m in Sources */ = {isa = PBXBuildFile; fileRef = 2C28C80A197FC4E6006D1F29 /* CustomTableViewCell.m */; };
		2C28C80D197FC4E6006D1F29 /* CustomTableViewCell.xib in Resources */ = {isa = PBXBuildFile; fileRef = 2C28C80B197FC4E6006D1F29 /* CustomTableViewCell.xib */; };
		2C5C2AA8197F42B1008EF05C /* custom.png in Resources */ = {isa = PBXBuildFile; fileRef = 2C5C2AA0197F42B1008EF05C /* custom.png */; };
		2C5C2AA9197F42B1008EF05C /* bench.png in Resources */ = {isa = PBXBuildFile; fileRef = 2C5C2AA1197F42B1008EF05C /* bench.png */; };
		2C5C2AAA197F42B1008EF05C /* info.png in Resources */ = {isa = PBXBuildFile; fileRef = 2C5C2AA2197F42B1008EF05C /* info.png */; };
		2C5C2AAB197F42B1008EF05C /* park.png in Resources */ = {isa = PBXBuildFile; fileRef = 2C5C2AA3197F42B1008EF05C /* park.png */; };
		2C5C2AAC197F42B1008EF05C /* parking.png in Resources */ = {isa = PBXBuildFile; fileRef = 2C5C2AA4197F42B1008EF05C /* parking.png */; };
		2C5C2AAD197F42B1008EF05C /* repair.png in Resources */ = {isa = PBXBuildFile; fileRef = 2C5C2AA5197F42B1008EF05C /* repair.png */; };
		2C5C2AAF197F42B1008EF05C /* water.png in Resources */ = {isa = PBXBuildFile; fileRef = 2C5C2AA7197F42B1008EF05C /* water.png */; };
		2C5CDB1F19DF982600F628B2 /* customSelectSolid.png in Resources */ = {isa = PBXBuildFile; fileRef = 2C5CDB1619DF982600F628B2 /* customSelectSolid.png */; };
		2C5CDB2019DF982600F628B2 /* benchSelectSolid.png in Resources */ = {isa = PBXBuildFile; fileRef = 2C5CDB1719DF982600F628B2 /* benchSelectSolid.png */; };
		2C5CDB2119DF982600F628B2 /* infoSelectSolid.png in Resources */ = {isa = PBXBuildFile; fileRef = 2C5CDB1819DF982600F628B2 /* infoSelectSolid.png */; };
		2C5CDB2219DF982600F628B2 /* parkingSelectSolid.png in Resources */ = {isa = PBXBuildFile; fileRef = 2C5CDB1919DF982600F628B2 /* parkingSelectSolid.png */; };
		2C5CDB2319DF982600F628B2 /* parkSelectSolid.png in Resources */ = {isa = PBXBuildFile; fileRef = 2C5CDB1A19DF982600F628B2 /* parkSelectSolid.png */; };
		2C5CDB2419DF982600F628B2 /* repairSelectSolid.png in Resources */ = {isa = PBXBuildFile; fileRef = 2C5CDB1B19DF982600F628B2 /* repairSelectSolid.png */; };
		2C5CDB2519DF982600F628B2 /* restroomsSelectSolid.png in Resources */ = {isa = PBXBuildFile; fileRef = 2C5CDB1C19DF982600F628B2 /* restroomsSelectSolid.png */; };
		2C5CDB2619DF982600F628B2 /* trashSelectSolid.png in Resources */ = {isa = PBXBuildFile; fileRef = 2C5CDB1D19DF982600F628B2 /* trashSelectSolid.png */; };
		2C5CDB2719DF982600F628B2 /* waterSelectSolid.png in Resources */ = {isa = PBXBuildFile; fileRef = 2C5CDB1E19DF982600F628B2 /* waterSelectSolid.png */; };
		2C7A4C0119D7ABA200B55FF9 /* UIImage+ImageCategory.m in Sources */ = {isa = PBXBuildFile; fileRef = 2C7A4C0019D7ABA200B55FF9 /* UIImage+ImageCategory.m */; };
		2C9FA31119CD698800C1D448 /* restrooms.png in Resources */ = {isa = PBXBuildFile; fileRef = 2C9FA31019CD698800C1D448 /* restrooms.png */; };
		2CB2A4E81992839B00200AAF /* SettingsTableViewController.m in Sources */ = {isa = PBXBuildFile; fileRef = 2CB2A4E71992839B00200AAF /* SettingsTableViewController.m */; };
		2CC314FC197FC1C3002079D5 /* trash.png in Resources */ = {isa = PBXBuildFile; fileRef = 2CC314FB197FC1C3002079D5 /* trash.png */; };
		2CDF13B71985B7B700C0B50A /* Add Small.png in Resources */ = {isa = PBXBuildFile; fileRef = 2CDF13AE1985B7B700C0B50A /* Add Small.png */; };
		2CDF13B81985B7B700C0B50A /* Bench Small.png in Resources */ = {isa = PBXBuildFile; fileRef = 2CDF13AF1985B7B700C0B50A /* Bench Small.png */; };
		2CDF13B91985B7B700C0B50A /* Info Small.png in Resources */ = {isa = PBXBuildFile; fileRef = 2CDF13B01985B7B700C0B50A /* Info Small.png */; };
		2CDF13BA1985B7B700C0B50A /* Park Small.png in Resources */ = {isa = PBXBuildFile; fileRef = 2CDF13B11985B7B700C0B50A /* Park Small.png */; };
		2CDF13BB1985B7B700C0B50A /* Parking Small.png in Resources */ = {isa = PBXBuildFile; fileRef = 2CDF13B21985B7B700C0B50A /* Parking Small.png */; };
		2CDF13BC1985B7B700C0B50A /* Repairs Small.png in Resources */ = {isa = PBXBuildFile; fileRef = 2CDF13B31985B7B700C0B50A /* Repairs Small.png */; };
		2CDF13BD1985B7B700C0B50A /* Shops Small.png in Resources */ = {isa = PBXBuildFile; fileRef = 2CDF13B41985B7B700C0B50A /* Shops Small.png */; };
		2CDF13BE1985B7B700C0B50A /* Trash Small.png in Resources */ = {isa = PBXBuildFile; fileRef = 2CDF13B51985B7B700C0B50A /* Trash Small.png */; };
		2CDF13BF1985B7B700C0B50A /* Water Small.png in Resources */ = {isa = PBXBuildFile; fileRef = 2CDF13B61985B7B700C0B50A /* Water Small.png */; };
		2CF880EC1962377700C36114 /* Foundation.framework in Frameworks */ = {isa = PBXBuildFile; fileRef = 2CF880EB1962377700C36114 /* Foundation.framework */; };
		2CF880EE1962377700C36114 /* CoreGraphics.framework in Frameworks */ = {isa = PBXBuildFile; fileRef = 2CF880ED1962377700C36114 /* CoreGraphics.framework */; };
		2CF880F01962377700C36114 /* UIKit.framework in Frameworks */ = {isa = PBXBuildFile; fileRef = 2CF880EF1962377700C36114 /* UIKit.framework */; };
		2CF880F61962377700C36114 /* InfoPlist.strings in Resources */ = {isa = PBXBuildFile; fileRef = 2CF880F41962377700C36114 /* InfoPlist.strings */; };
		2CF880F81962377700C36114 /* main.m in Sources */ = {isa = PBXBuildFile; fileRef = 2CF880F71962377700C36114 /* main.m */; };
		2CF880FC1962377700C36114 /* AppDelegate.m in Sources */ = {isa = PBXBuildFile; fileRef = 2CF880FB1962377700C36114 /* AppDelegate.m */; };
		2CF880FF1962377700C36114 /* Main_iPhone.storyboard in Resources */ = {isa = PBXBuildFile; fileRef = 2CF880FD1962377700C36114 /* Main_iPhone.storyboard */; };
		2CF881021962377700C36114 /* Main_iPad.storyboard in Resources */ = {isa = PBXBuildFile; fileRef = 2CF881001962377700C36114 /* Main_iPad.storyboard */; };
		2CF881051962377700C36114 /* ViewController.m in Sources */ = {isa = PBXBuildFile; fileRef = 2CF881041962377700C36114 /* ViewController.m */; };
		2CF881071962377700C36114 /* Images.xcassets in Resources */ = {isa = PBXBuildFile; fileRef = 2CF881061962377700C36114 /* Images.xcassets */; };
		2CF8810E1962377700C36114 /* XCTest.framework in Frameworks */ = {isa = PBXBuildFile; fileRef = 2CF8810D1962377700C36114 /* XCTest.framework */; };
		2CF8810F1962377700C36114 /* Foundation.framework in Frameworks */ = {isa = PBXBuildFile; fileRef = 2CF880EB1962377700C36114 /* Foundation.framework */; };
		2CF881101962377700C36114 /* UIKit.framework in Frameworks */ = {isa = PBXBuildFile; fileRef = 2CF880EF1962377700C36114 /* UIKit.framework */; };
		2CF881181962377700C36114 /* InfoPlist.strings in Resources */ = {isa = PBXBuildFile; fileRef = 2CF881161962377700C36114 /* InfoPlist.strings */; };
		2CF8811A1962377700C36114 /* Constitution_Trail_MapTests.m in Sources */ = {isa = PBXBuildFile; fileRef = 2CF881191962377700C36114 /* Constitution_Trail_MapTests.m */; };
		2CF88124196237E700C36114 /* MapKit.framework in Frameworks */ = {isa = PBXBuildFile; fileRef = 2CF88123196237E700C36114 /* MapKit.framework */; };
/* End PBXBuildFile section */

/* Begin PBXContainerItemProxy section */
		2CF881111962377700C36114 /* PBXContainerItemProxy */ = {
			isa = PBXContainerItemProxy;
			containerPortal = 2CF880E01962377700C36114 /* Project object */;
			proxyType = 1;
			remoteGlobalIDString = 2CF880E71962377700C36114;
			remoteInfo = "Constitution Trail Map";
		};
/* End PBXContainerItemProxy section */

/* Begin PBXFileReference section */
		2C03D34B19D22FF800B465E4 /* LeftEdgeGradient.png */ = {isa = PBXFileReference; lastKnownFileType = image.png; path = LeftEdgeGradient.png; sourceTree = "<group>"; };
		2C03D34F19D2301500B465E4 /* RightEdgeGradient.png */ = {isa = PBXFileReference; lastKnownFileType = image.png; path = RightEdgeGradient.png; sourceTree = "<group>"; };
		2C28C809197FC4E6006D1F29 /* CustomTableViewCell.h */ = {isa = PBXFileReference; fileEncoding = 4; lastKnownFileType = sourcecode.c.h; path = CustomTableViewCell.h; sourceTree = "<group>"; };
		2C28C80A197FC4E6006D1F29 /* CustomTableViewCell.m */ = {isa = PBXFileReference; fileEncoding = 4; lastKnownFileType = sourcecode.c.objc; path = CustomTableViewCell.m; sourceTree = "<group>"; };
		2C28C80B197FC4E6006D1F29 /* CustomTableViewCell.xib */ = {isa = PBXFileReference; fileEncoding = 4; lastKnownFileType = file.xib; path = CustomTableViewCell.xib; sourceTree = "<group>"; };
		2C5C2AA0197F42B1008EF05C /* custom.png */ = {isa = PBXFileReference; lastKnownFileType = image.png; path = custom.png; sourceTree = "<group>"; };
		2C5C2AA1197F42B1008EF05C /* bench.png */ = {isa = PBXFileReference; lastKnownFileType = image.png; path = bench.png; sourceTree = "<group>"; };
		2C5C2AA2197F42B1008EF05C /* info.png */ = {isa = PBXFileReference; lastKnownFileType = image.png; path = info.png; sourceTree = "<group>"; };
		2C5C2AA3197F42B1008EF05C /* park.png */ = {isa = PBXFileReference; lastKnownFileType = image.png; path = park.png; sourceTree = "<group>"; };
		2C5C2AA4197F42B1008EF05C /* parking.png */ = {isa = PBXFileReference; lastKnownFileType = image.png; path = parking.png; sourceTree = "<group>"; };
		2C5C2AA5197F42B1008EF05C /* repair.png */ = {isa = PBXFileReference; lastKnownFileType = image.png; path = repair.png; sourceTree = "<group>"; };
		2C5C2AA7197F42B1008EF05C /* water.png */ = {isa = PBXFileReference; lastKnownFileType = image.png; path = water.png; sourceTree = "<group>"; };
		2C5CDB1619DF982600F628B2 /* customSelectSolid.png */ = {isa = PBXFileReference; lastKnownFileType = image.png; path = customSelectSolid.png; sourceTree = "<group>"; };
		2C5CDB1719DF982600F628B2 /* benchSelectSolid.png */ = {isa = PBXFileReference; lastKnownFileType = image.png; path = benchSelectSolid.png; sourceTree = "<group>"; };
		2C5CDB1819DF982600F628B2 /* infoSelectSolid.png */ = {isa = PBXFileReference; lastKnownFileType = image.png; path = infoSelectSolid.png; sourceTree = "<group>"; };
		2C5CDB1919DF982600F628B2 /* parkingSelectSolid.png */ = {isa = PBXFileReference; lastKnownFileType = image.png; path = parkingSelectSolid.png; sourceTree = "<group>"; };
		2C5CDB1A19DF982600F628B2 /* parkSelectSolid.png */ = {isa = PBXFileReference; lastKnownFileType = image.png; path = parkSelectSolid.png; sourceTree = "<group>"; };
		2C5CDB1B19DF982600F628B2 /* repairSelectSolid.png */ = {isa = PBXFileReference; lastKnownFileType = image.png; path = repairSelectSolid.png; sourceTree = "<group>"; };
		2C5CDB1C19DF982600F628B2 /* restroomsSelectSolid.png */ = {isa = PBXFileReference; lastKnownFileType = image.png; path = restroomsSelectSolid.png; sourceTree = "<group>"; };
		2C5CDB1D19DF982600F628B2 /* trashSelectSolid.png */ = {isa = PBXFileReference; lastKnownFileType = image.png; path = trashSelectSolid.png; sourceTree = "<group>"; };
		2C5CDB1E19DF982600F628B2 /* waterSelectSolid.png */ = {isa = PBXFileReference; lastKnownFileType = image.png; path = waterSelectSolid.png; sourceTree = "<group>"; };
		2C7A4BFF19D7ABA200B55FF9 /* UIImage+ImageCategory.h */ = {isa = PBXFileReference; fileEncoding = 4; lastKnownFileType = sourcecode.c.h; name = "UIImage+ImageCategory.h"; path = "../UIImage+ImageCategory.h"; sourceTree = "<group>"; };
		2C7A4C0019D7ABA200B55FF9 /* UIImage+ImageCategory.m */ = {isa = PBXFileReference; fileEncoding = 4; lastKnownFileType = sourcecode.c.objc; name = "UIImage+ImageCategory.m"; path = "../UIImage+ImageCategory.m"; sourceTree = "<group>"; };
		2C9FA31019CD698800C1D448 /* restrooms.png */ = {isa = PBXFileReference; lastKnownFileType = image.png; path = restrooms.png; sourceTree = "<group>"; };
		2CB2A4E61992839B00200AAF /* SettingsTableViewController.h */ = {isa = PBXFileReference; fileEncoding = 4; lastKnownFileType = sourcecode.c.h; name = SettingsTableViewController.h; path = ../SettingsTableViewController.h; sourceTree = "<group>"; };
		2CB2A4E71992839B00200AAF /* SettingsTableViewController.m */ = {isa = PBXFileReference; fileEncoding = 4; lastKnownFileType = sourcecode.c.objc; name = SettingsTableViewController.m; path = ../SettingsTableViewController.m; sourceTree = "<group>"; };
		2CC314FB197FC1C3002079D5 /* trash.png */ = {isa = PBXFileReference; lastKnownFileType = image.png; path = trash.png; sourceTree = "<group>"; };
		2CDF13AE1985B7B700C0B50A /* Add Small.png */ = {isa = PBXFileReference; lastKnownFileType = image.png; path = "Add Small.png"; sourceTree = "<group>"; };
		2CDF13AF1985B7B700C0B50A /* Bench Small.png */ = {isa = PBXFileReference; lastKnownFileType = image.png; path = "Bench Small.png"; sourceTree = "<group>"; };
		2CDF13B01985B7B700C0B50A /* Info Small.png */ = {isa = PBXFileReference; lastKnownFileType = image.png; path = "Info Small.png"; sourceTree = "<group>"; };
		2CDF13B11985B7B700C0B50A /* Park Small.png */ = {isa = PBXFileReference; lastKnownFileType = image.png; path = "Park Small.png"; sourceTree = "<group>"; };
		2CDF13B21985B7B700C0B50A /* Parking Small.png */ = {isa = PBXFileReference; lastKnownFileType = image.png; path = "Parking Small.png"; sourceTree = "<group>"; };
		2CDF13B31985B7B700C0B50A /* Repairs Small.png */ = {isa = PBXFileReference; lastKnownFileType = image.png; path = "Repairs Small.png"; sourceTree = "<group>"; };
		2CDF13B41985B7B700C0B50A /* Shops Small.png */ = {isa = PBXFileReference; lastKnownFileType = image.png; path = "Shops Small.png"; sourceTree = "<group>"; };
		2CDF13B51985B7B700C0B50A /* Trash Small.png */ = {isa = PBXFileReference; lastKnownFileType = image.png; path = "Trash Small.png"; sourceTree = "<group>"; };
		2CDF13B61985B7B700C0B50A /* Water Small.png */ = {isa = PBXFileReference; lastKnownFileType = image.png; path = "Water Small.png"; sourceTree = "<group>"; };
		2CF880E81962377700C36114 /* Constitution Trail Map.app */ = {isa = PBXFileReference; explicitFileType = wrapper.application; includeInIndex = 0; path = "Constitution Trail Map.app"; sourceTree = BUILT_PRODUCTS_DIR; };
		2CF880EB1962377700C36114 /* Foundation.framework */ = {isa = PBXFileReference; lastKnownFileType = wrapper.framework; name = Foundation.framework; path = System/Library/Frameworks/Foundation.framework; sourceTree = SDKROOT; };
		2CF880ED1962377700C36114 /* CoreGraphics.framework */ = {isa = PBXFileReference; lastKnownFileType = wrapper.framework; name = CoreGraphics.framework; path = System/Library/Frameworks/CoreGraphics.framework; sourceTree = SDKROOT; };
		2CF880EF1962377700C36114 /* UIKit.framework */ = {isa = PBXFileReference; lastKnownFileType = wrapper.framework; name = UIKit.framework; path = System/Library/Frameworks/UIKit.framework; sourceTree = SDKROOT; };
		2CF880F31962377700C36114 /* Constitution Trail Map-Info.plist */ = {isa = PBXFileReference; lastKnownFileType = text.plist.xml; path = "Constitution Trail Map-Info.plist"; sourceTree = "<group>"; };
		2CF880F51962377700C36114 /* en */ = {isa = PBXFileReference; lastKnownFileType = text.plist.strings; name = en; path = en.lproj/InfoPlist.strings; sourceTree = "<group>"; };
		2CF880F71962377700C36114 /* main.m */ = {isa = PBXFileReference; lastKnownFileType = sourcecode.c.objc; path = main.m; sourceTree = "<group>"; };
		2CF880F91962377700C36114 /* Constitution Trail Map-Prefix.pch */ = {isa = PBXFileReference; lastKnownFileType = sourcecode.c.h; path = "Constitution Trail Map-Prefix.pch"; sourceTree = "<group>"; };
		2CF880FA1962377700C36114 /* AppDelegate.h */ = {isa = PBXFileReference; lastKnownFileType = sourcecode.c.h; path = AppDelegate.h; sourceTree = "<group>"; };
		2CF880FB1962377700C36114 /* AppDelegate.m */ = {isa = PBXFileReference; lastKnownFileType = sourcecode.c.objc; path = AppDelegate.m; sourceTree = "<group>"; };
		2CF880FE1962377700C36114 /* Base */ = {isa = PBXFileReference; lastKnownFileType = file.storyboard; name = Base; path = Base.lproj/Main_iPhone.storyboard; sourceTree = "<group>"; };
		2CF881011962377700C36114 /* Base */ = {isa = PBXFileReference; lastKnownFileType = file.storyboard; name = Base; path = Base.lproj/Main_iPad.storyboard; sourceTree = "<group>"; };
		2CF881031962377700C36114 /* ViewController.h */ = {isa = PBXFileReference; lastKnownFileType = sourcecode.c.h; path = ViewController.h; sourceTree = "<group>"; };
		2CF881041962377700C36114 /* ViewController.m */ = {isa = PBXFileReference; lastKnownFileType = sourcecode.c.objc; path = ViewController.m; sourceTree = "<group>"; };
		2CF881061962377700C36114 /* Images.xcassets */ = {isa = PBXFileReference; lastKnownFileType = folder.assetcatalog; path = Images.xcassets; sourceTree = "<group>"; };
		2CF8810C1962377700C36114 /* Constitution Trail MapTests.xctest */ = {isa = PBXFileReference; explicitFileType = wrapper.cfbundle; includeInIndex = 0; path = "Constitution Trail MapTests.xctest"; sourceTree = BUILT_PRODUCTS_DIR; };
		2CF8810D1962377700C36114 /* XCTest.framework */ = {isa = PBXFileReference; lastKnownFileType = wrapper.framework; name = XCTest.framework; path = Library/Frameworks/XCTest.framework; sourceTree = DEVELOPER_DIR; };
		2CF881151962377700C36114 /* Constitution Trail MapTests-Info.plist */ = {isa = PBXFileReference; lastKnownFileType = text.plist.xml; path = "Constitution Trail MapTests-Info.plist"; sourceTree = "<group>"; };
		2CF881171962377700C36114 /* en */ = {isa = PBXFileReference; lastKnownFileType = text.plist.strings; name = en; path = en.lproj/InfoPlist.strings; sourceTree = "<group>"; };
		2CF881191962377700C36114 /* Constitution_Trail_MapTests.m */ = {isa = PBXFileReference; lastKnownFileType = sourcecode.c.objc; path = Constitution_Trail_MapTests.m; sourceTree = "<group>"; };
		2CF88123196237E700C36114 /* MapKit.framework */ = {isa = PBXFileReference; lastKnownFileType = wrapper.framework; name = MapKit.framework; path = System/Library/Frameworks/MapKit.framework; sourceTree = SDKROOT; };
/* End PBXFileReference section */

/* Begin PBXFrameworksBuildPhase section */
		2CF880E51962377700C36114 /* Frameworks */ = {
			isa = PBXFrameworksBuildPhase;
			buildActionMask = 2147483647;
			files = (
				2CF88124196237E700C36114 /* MapKit.framework in Frameworks */,
				2CF880EE1962377700C36114 /* CoreGraphics.framework in Frameworks */,
				2CF880F01962377700C36114 /* UIKit.framework in Frameworks */,
				2CF880EC1962377700C36114 /* Foundation.framework in Frameworks */,
			);
			runOnlyForDeploymentPostprocessing = 0;
		};
		2CF881091962377700C36114 /* Frameworks */ = {
			isa = PBXFrameworksBuildPhase;
			buildActionMask = 2147483647;
			files = (
				2CF8810E1962377700C36114 /* XCTest.framework in Frameworks */,
				2CF881101962377700C36114 /* UIKit.framework in Frameworks */,
				2CF8810F1962377700C36114 /* Foundation.framework in Frameworks */,
			);
			runOnlyForDeploymentPostprocessing = 0;
		};
/* End PBXFrameworksBuildPhase section */

/* Begin PBXGroup section */
		2C1F5C2F1982B96B0090A676 /* Graphics */ = {
			isa = PBXGroup;
			children = (
				2C03D34B19D22FF800B465E4 /* LeftEdgeGradient.png */,
				2C03D34F19D2301500B465E4 /* RightEdgeGradient.png */,
				2C5CDB1619DF982600F628B2 /* customSelectSolid.png */,
				2C5CDB1719DF982600F628B2 /* benchSelectSolid.png */,
				2C5CDB1819DF982600F628B2 /* infoSelectSolid.png */,
				2C5CDB1919DF982600F628B2 /* parkingSelectSolid.png */,
				2C5CDB1A19DF982600F628B2 /* parkSelectSolid.png */,
				2C5CDB1B19DF982600F628B2 /* repairSelectSolid.png */,
				2C5CDB1C19DF982600F628B2 /* restroomsSelectSolid.png */,
				2C5CDB1D19DF982600F628B2 /* trashSelectSolid.png */,
				2C5CDB1E19DF982600F628B2 /* waterSelectSolid.png */,
				2C5C2AA0197F42B1008EF05C /* custom.png */,
				2C5C2AA1197F42B1008EF05C /* bench.png */,
				2C5C2AA2197F42B1008EF05C /* info.png */,
				2C5C2AA3197F42B1008EF05C /* park.png */,
				2C5C2AA4197F42B1008EF05C /* parking.png */,
				2C5C2AA5197F42B1008EF05C /* repair.png */,
				2C9FA31019CD698800C1D448 /* restrooms.png */,
				2CC314FB197FC1C3002079D5 /* trash.png */,
				2C5C2AA7197F42B1008EF05C /* water.png */,
				2CDF13AE1985B7B700C0B50A /* Add Small.png */,
				2CDF13AF1985B7B700C0B50A /* Bench Small.png */,
				2CDF13B01985B7B700C0B50A /* Info Small.png */,
				2CDF13B11985B7B700C0B50A /* Park Small.png */,
				2CDF13B21985B7B700C0B50A /* Parking Small.png */,
				2CDF13B31985B7B700C0B50A /* Repairs Small.png */,
				2CDF13B41985B7B700C0B50A /* Shops Small.png */,
				2CDF13B51985B7B700C0B50A /* Trash Small.png */,
				2CDF13B61985B7B700C0B50A /* Water Small.png */,
			);
			name = Graphics;
			sourceTree = "<group>";
		};
		2CF880DF1962377700C36114 = {
			isa = PBXGroup;
			children = (
				2CF880F11962377700C36114 /* Constitution Trail Map */,
				2CF881131962377700C36114 /* Constitution Trail MapTests */,
				2CF880EA1962377700C36114 /* Frameworks */,
				2CF880E91962377700C36114 /* Products */,
			);
			sourceTree = "<group>";
		};
		2CF880E91962377700C36114 /* Products */ = {
			isa = PBXGroup;
			children = (
				2CF880E81962377700C36114 /* Constitution Trail Map.app */,
				2CF8810C1962377700C36114 /* Constitution Trail MapTests.xctest */,
			);
			name = Products;
			sourceTree = "<group>";
		};
		2CF880EA1962377700C36114 /* Frameworks */ = {
			isa = PBXGroup;
			children = (
				2CF88123196237E700C36114 /* MapKit.framework */,
				2CF880EB1962377700C36114 /* Foundation.framework */,
				2CF880ED1962377700C36114 /* CoreGraphics.framework */,
				2CF880EF1962377700C36114 /* UIKit.framework */,
				2CF8810D1962377700C36114 /* XCTest.framework */,
			);
			name = Frameworks;
			sourceTree = "<group>";
		};
		2CF880F11962377700C36114 /* Constitution Trail Map */ = {
			isa = PBXGroup;
			children = (
				2CF880FA1962377700C36114 /* AppDelegate.h */,
				2CF880FB1962377700C36114 /* AppDelegate.m */,
				2CF880FD1962377700C36114 /* Main_iPhone.storyboard */,
				2CF881001962377700C36114 /* Main_iPad.storyboard */,
				2CF881031962377700C36114 /* ViewController.h */,
				2CF881041962377700C36114 /* ViewController.m */,
				2CB2A4E61992839B00200AAF /* SettingsTableViewController.h */,
				2CB2A4E71992839B00200AAF /* SettingsTableViewController.m */,
				2C28C809197FC4E6006D1F29 /* CustomTableViewCell.h */,
				2C28C80A197FC4E6006D1F29 /* CustomTableViewCell.m */,
				2C28C80B197FC4E6006D1F29 /* CustomTableViewCell.xib */,
				2C7A4BFF19D7ABA200B55FF9 /* UIImage+ImageCategory.h */,
				2C7A4C0019D7ABA200B55FF9 /* UIImage+ImageCategory.m */,
				2CF8813119623C9500C36114 /* Cells */,
				2CF881061962377700C36114 /* Images.xcassets */,
				2C1F5C2F1982B96B0090A676 /* Graphics */,
				2CF880F21962377700C36114 /* Supporting Files */,
			);
			path = "Constitution Trail Map";
			sourceTree = "<group>";
		};
		2CF880F21962377700C36114 /* Supporting Files */ = {
			isa = PBXGroup;
			children = (
				2CF880F31962377700C36114 /* Constitution Trail Map-Info.plist */,
				2CF880F41962377700C36114 /* InfoPlist.strings */,
				2CF880F71962377700C36114 /* main.m */,
				2CF880F91962377700C36114 /* Constitution Trail Map-Prefix.pch */,
			);
			name = "Supporting Files";
			sourceTree = "<group>";
		};
		2CF881131962377700C36114 /* Constitution Trail MapTests */ = {
			isa = PBXGroup;
			children = (
				2CF881191962377700C36114 /* Constitution_Trail_MapTests.m */,
				2CF881141962377700C36114 /* Supporting Files */,
			);
			path = "Constitution Trail MapTests";
			sourceTree = "<group>";
		};
		2CF881141962377700C36114 /* Supporting Files */ = {
			isa = PBXGroup;
			children = (
				2CF881151962377700C36114 /* Constitution Trail MapTests-Info.plist */,
				2CF881161962377700C36114 /* InfoPlist.strings */,
			);
			name = "Supporting Files";
			sourceTree = "<group>";
		};
		2CF8813119623C9500C36114 /* Cells */ = {
			isa = PBXGroup;
			children = (
			);
			path = Cells;
			sourceTree = "<group>";
		};
/* End PBXGroup section */

/* Begin PBXNativeTarget section */
		2CF880E71962377700C36114 /* Constitution Trail Map */ = {
			isa = PBXNativeTarget;
			buildConfigurationList = 2CF8811D1962377700C36114 /* Build configuration list for PBXNativeTarget "Constitution Trail Map" */;
			buildPhases = (
				2CF880E41962377700C36114 /* Sources */,
				2CF880E51962377700C36114 /* Frameworks */,
				2CF880E61962377700C36114 /* Resources */,
			);
			buildRules = (
			);
			dependencies = (
			);
			name = "Constitution Trail Map";
			productName = "Constitution Trail Map";
			productReference = 2CF880E81962377700C36114 /* Constitution Trail Map.app */;
			productType = "com.apple.product-type.application";
		};
		2CF8810B1962377700C36114 /* Constitution Trail MapTests */ = {
			isa = PBXNativeTarget;
			buildConfigurationList = 2CF881201962377700C36114 /* Build configuration list for PBXNativeTarget "Constitution Trail MapTests" */;
			buildPhases = (
				2CF881081962377700C36114 /* Sources */,
				2CF881091962377700C36114 /* Frameworks */,
				2CF8810A1962377700C36114 /* Resources */,
			);
			buildRules = (
			);
			dependencies = (
				2CF881121962377700C36114 /* PBXTargetDependency */,
			);
			name = "Constitution Trail MapTests";
			productName = "Constitution Trail MapTests";
			productReference = 2CF8810C1962377700C36114 /* Constitution Trail MapTests.xctest */;
			productType = "com.apple.product-type.bundle.unit-test";
		};
/* End PBXNativeTarget section */

/* Begin PBXProject section */
		2CF880E01962377700C36114 /* Project object */ = {
			isa = PBXProject;
			attributes = {
				LastUpgradeCheck = 0510;
				ORGANIZATIONNAME = "Eddie Koranek";
				TargetAttributes = {
					2CF880E71962377700C36114 = {
						DevelopmentTeam = 7M4W2Y3X7H;
					};
					2CF8810B1962377700C36114 = {
						TestTargetID = 2CF880E71962377700C36114;
					};
				};
			};
			buildConfigurationList = 2CF880E31962377700C36114 /* Build configuration list for PBXProject "Constitution Trail Map" */;
			compatibilityVersion = "Xcode 3.2";
			developmentRegion = English;
			hasScannedForEncodings = 0;
			knownRegions = (
				en,
				Base,
			);
			mainGroup = 2CF880DF1962377700C36114;
			productRefGroup = 2CF880E91962377700C36114 /* Products */;
			projectDirPath = "";
			projectRoot = "";
			targets = (
				2CF880E71962377700C36114 /* Constitution Trail Map */,
				2CF8810B1962377700C36114 /* Constitution Trail MapTests */,
			);
		};
/* End PBXProject section */

/* Begin PBXResourcesBuildPhase section */
		2CF880E61962377700C36114 /* Resources */ = {
			isa = PBXResourcesBuildPhase;
			buildActionMask = 2147483647;
			files = (
				2C5CDB2519DF982600F628B2 /* restroomsSelectSolid.png in Resources */,
				2CDF13BB1985B7B700C0B50A /* Parking Small.png in Resources */,
				2CF881021962377700C36114 /* Main_iPad.storyboard in Resources */,
				2C28C80D197FC4E6006D1F29 /* CustomTableViewCell.xib in Resources */,
				2CDF13BD1985B7B700C0B50A /* Shops Small.png in Resources */,
				2C5CDB2719DF982600F628B2 /* waterSelectSolid.png in Resources */,
				2CF881071962377700C36114 /* Images.xcassets in Resources */,
				2C5CDB1F19DF982600F628B2 /* customSelectSolid.png in Resources */,
				2CDF13B91985B7B700C0B50A /* Info Small.png in Resources */,
				2C5C2AA8197F42B1008EF05C /* custom.png in Resources */,
				2C5CDB2019DF982600F628B2 /* benchSelectSolid.png in Resources */,
				2CDF13BF1985B7B700C0B50A /* Water Small.png in Resources */,
				2C03D35019D2301500B465E4 /* RightEdgeGradient.png in Resources */,
				2CF880FF1962377700C36114 /* Main_iPhone.storyboard in Resources */,
				2C5C2AAD197F42B1008EF05C /* repair.png in Resources */,
				2C5C2AAC197F42B1008EF05C /* parking.png in Resources */,
				2CF880F61962377700C36114 /* InfoPlist.strings in Resources */,
				2C5C2AAF197F42B1008EF05C /* water.png in Resources */,
				2C5C2AAB197F42B1008EF05C /* park.png in Resources */,
				2CC314FC197FC1C3002079D5 /* trash.png in Resources */,
				2C5CDB2219DF982600F628B2 /* parkingSelectSolid.png in Resources */,
				2C03D34D19D22FF800B465E4 /* LeftEdgeGradient.png in Resources */,
				2C5C2AA9197F42B1008EF05C /* bench.png in Resources */,
				2CDF13B71985B7B700C0B50A /* Add Small.png in Resources */,
				2CDF13BA1985B7B700C0B50A /* Park Small.png in Resources */,
				2CDF13BC1985B7B700C0B50A /* Repairs Small.png in Resources */,
				2C5C2AAA197F42B1008EF05C /* info.png in Resources */,
				2CDF13B81985B7B700C0B50A /* Bench Small.png in Resources */,
				2C5CDB2119DF982600F628B2 /* infoSelectSolid.png in Resources */,
				2C5CDB2319DF982600F628B2 /* parkSelectSolid.png in Resources */,
				2C5CDB2419DF982600F628B2 /* repairSelectSolid.png in Resources */,
				2C9FA31119CD698800C1D448 /* restrooms.png in Resources */,
				2CDF13BE1985B7B700C0B50A /* Trash Small.png in Resources */,
				2C5CDB2619DF982600F628B2 /* trashSelectSolid.png in Resources */,
			);
			runOnlyForDeploymentPostprocessing = 0;
		};
		2CF8810A1962377700C36114 /* Resources */ = {
			isa = PBXResourcesBuildPhase;
			buildActionMask = 2147483647;
			files = (
				2CF881181962377700C36114 /* InfoPlist.strings in Resources */,
			);
			runOnlyForDeploymentPostprocessing = 0;
		};
/* End PBXResourcesBuildPhase section */

/* Begin PBXSourcesBuildPhase section */
		2CF880E41962377700C36114 /* Sources */ = {
			isa = PBXSourcesBuildPhase;
			buildActionMask = 2147483647;
			files = (
				2CB2A4E81992839B00200AAF /* SettingsTableViewController.m in Sources */,
				2C7A4C0119D7ABA200B55FF9 /* UIImage+ImageCategory.m in Sources */,
				2CF881051962377700C36114 /* ViewController.m in Sources */,
				2CF880FC1962377700C36114 /* AppDelegate.m in Sources */,
				2CF880F81962377700C36114 /* main.m in Sources */,
				2C28C80C197FC4E6006D1F29 /* CustomTableViewCell.m in Sources */,
			);
			runOnlyForDeploymentPostprocessing = 0;
		};
		2CF881081962377700C36114 /* Sources */ = {
			isa = PBXSourcesBuildPhase;
			buildActionMask = 2147483647;
			files = (
				2CF8811A1962377700C36114 /* Constitution_Trail_MapTests.m in Sources */,
			);
			runOnlyForDeploymentPostprocessing = 0;
		};
/* End PBXSourcesBuildPhase section */

/* Begin PBXTargetDependency section */
		2CF881121962377700C36114 /* PBXTargetDependency */ = {
			isa = PBXTargetDependency;
			target = 2CF880E71962377700C36114 /* Constitution Trail Map */;
			targetProxy = 2CF881111962377700C36114 /* PBXContainerItemProxy */;
		};
/* End PBXTargetDependency section */

/* Begin PBXVariantGroup section */
		2CF880F41962377700C36114 /* InfoPlist.strings */ = {
			isa = PBXVariantGroup;
			children = (
				2CF880F51962377700C36114 /* en */,
			);
			name = InfoPlist.strings;
			sourceTree = "<group>";
		};
		2CF880FD1962377700C36114 /* Main_iPhone.storyboard */ = {
			isa = PBXVariantGroup;
			children = (
				2CF880FE1962377700C36114 /* Base */,
			);
			name = Main_iPhone.storyboard;
			sourceTree = "<group>";
		};
		2CF881001962377700C36114 /* Main_iPad.storyboard */ = {
			isa = PBXVariantGroup;
			children = (
				2CF881011962377700C36114 /* Base */,
			);
			name = Main_iPad.storyboard;
			sourceTree = "<group>";
		};
		2CF881161962377700C36114 /* InfoPlist.strings */ = {
			isa = PBXVariantGroup;
			children = (
				2CF881171962377700C36114 /* en */,
			);
			name = InfoPlist.strings;
			sourceTree = "<group>";
		};
/* End PBXVariantGroup section */

/* Begin XCBuildConfiguration section */
		2CF8811B1962377700C36114 /* Debug */ = {
			isa = XCBuildConfiguration;
			buildSettings = {
				ALWAYS_SEARCH_USER_PATHS = NO;
				CLANG_CXX_LANGUAGE_STANDARD = "gnu++0x";
				CLANG_CXX_LIBRARY = "libc++";
				CLANG_ENABLE_MODULES = YES;
				CLANG_ENABLE_OBJC_ARC = YES;
				CLANG_WARN_BOOL_CONVERSION = YES;
				CLANG_WARN_CONSTANT_CONVERSION = YES;
				CLANG_WARN_DIRECT_OBJC_ISA_USAGE = YES_ERROR;
				CLANG_WARN_EMPTY_BODY = YES;
				CLANG_WARN_ENUM_CONVERSION = YES;
				CLANG_WARN_INT_CONVERSION = YES;
				CLANG_WARN_OBJC_ROOT_CLASS = YES_ERROR;
				CLANG_WARN__DUPLICATE_METHOD_MATCH = YES;
				"CODE_SIGN_IDENTITY[sdk=iphoneos*]" = "iPhone Developer";
				COPY_PHASE_STRIP = NO;
				GCC_C_LANGUAGE_STANDARD = gnu99;
				GCC_DYNAMIC_NO_PIC = NO;
				GCC_OPTIMIZATION_LEVEL = 0;
				GCC_PREPROCESSOR_DEFINITIONS = (
					"DEBUG=1",
					"$(inherited)",
				);
				GCC_SYMBOLS_PRIVATE_EXTERN = NO;
				GCC_WARN_64_TO_32_BIT_CONVERSION = YES;
				GCC_WARN_ABOUT_RETURN_TYPE = YES_ERROR;
				GCC_WARN_UNDECLARED_SELECTOR = YES;
				GCC_WARN_UNINITIALIZED_AUTOS = YES_AGGRESSIVE;
				GCC_WARN_UNUSED_FUNCTION = YES;
				GCC_WARN_UNUSED_VARIABLE = YES;
				IPHONEOS_DEPLOYMENT_TARGET = 7.1;
				ONLY_ACTIVE_ARCH = YES;
				SDKROOT = iphoneos;
				TARGETED_DEVICE_FAMILY = "1,2";
			};
			name = Debug;
		};
		2CF8811C1962377700C36114 /* Release */ = {
			isa = XCBuildConfiguration;
			buildSettings = {
				ALWAYS_SEARCH_USER_PATHS = NO;
				CLANG_CXX_LANGUAGE_STANDARD = "gnu++0x";
				CLANG_CXX_LIBRARY = "libc++";
				CLANG_ENABLE_MODULES = YES;
				CLANG_ENABLE_OBJC_ARC = YES;
				CLANG_WARN_BOOL_CONVERSION = YES;
				CLANG_WARN_CONSTANT_CONVERSION = YES;
				CLANG_WARN_DIRECT_OBJC_ISA_USAGE = YES_ERROR;
				CLANG_WARN_EMPTY_BODY = YES;
				CLANG_WARN_ENUM_CONVERSION = YES;
				CLANG_WARN_INT_CONVERSION = YES;
				CLANG_WARN_OBJC_ROOT_CLASS = YES_ERROR;
				CLANG_WARN__DUPLICATE_METHOD_MATCH = YES;
				"CODE_SIGN_IDENTITY[sdk=iphoneos*]" = "iPhone Developer";
				COPY_PHASE_STRIP = YES;
				ENABLE_NS_ASSERTIONS = NO;
				GCC_C_LANGUAGE_STANDARD = gnu99;
				GCC_WARN_64_TO_32_BIT_CONVERSION = YES;
				GCC_WARN_ABOUT_RETURN_TYPE = YES_ERROR;
				GCC_WARN_UNDECLARED_SELECTOR = YES;
				GCC_WARN_UNINITIALIZED_AUTOS = YES_AGGRESSIVE;
				GCC_WARN_UNUSED_FUNCTION = YES;
				GCC_WARN_UNUSED_VARIABLE = YES;
				IPHONEOS_DEPLOYMENT_TARGET = 7.1;
				SDKROOT = iphoneos;
				TARGETED_DEVICE_FAMILY = "1,2";
				VALIDATE_PRODUCT = YES;
			};
			name = Release;
		};
		2CF8811E1962377700C36114 /* Debug */ = {
			isa = XCBuildConfiguration;
			buildSettings = {
				ASSETCATALOG_COMPILER_APPICON_NAME = AppIcon;
				ASSETCATALOG_COMPILER_LAUNCHIMAGE_NAME = LaunchImage;
				CODE_SIGN_IDENTITY = "iPhone Developer";
				"CODE_SIGN_IDENTITY[sdk=iphoneos*]" = "iPhone Developer";
				GCC_PRECOMPILE_PREFIX_HEADER = YES;
				GCC_PREFIX_HEADER = "Constitution Trail Map/Constitution Trail Map-Prefix.pch";
				INFOPLIST_FILE = "Constitution Trail Map/Constitution Trail Map-Info.plist";
				IPHONEOS_DEPLOYMENT_TARGET = 7.1;
				PRODUCT_NAME = "$(TARGET_NAME)";
				PROVISIONING_PROFILE = "";
				WRAPPER_EXTENSION = app;
			};
			name = Debug;
		};
		2CF8811F1962377700C36114 /* Release */ = {
			isa = XCBuildConfiguration;
			buildSettings = {
				ASSETCATALOG_COMPILER_APPICON_NAME = AppIcon;
				ASSETCATALOG_COMPILER_LAUNCHIMAGE_NAME = LaunchImage;
				CODE_SIGN_IDENTITY = "iPhone Developer";
				"CODE_SIGN_IDENTITY[sdk=iphoneos*]" = "iPhone Developer";
				GCC_PRECOMPILE_PREFIX_HEADER = YES;
				GCC_PREFIX_HEADER = "Constitution Trail Map/Constitution Trail Map-Prefix.pch";
				INFOPLIST_FILE = "Constitution Trail Map/Constitution Trail Map-Info.plist";
				IPHONEOS_DEPLOYMENT_TARGET = 7.1;
				PRODUCT_NAME = "$(TARGET_NAME)";
				PROVISIONING_PROFILE = "";
				WRAPPER_EXTENSION = app;
			};
			name = Release;
		};
		2CF881211962377700C36114 /* Debug */ = {
			isa = XCBuildConfiguration;
			buildSettings = {
				BUNDLE_LOADER = "$(BUILT_PRODUCTS_DIR)/Constitution Trail Map.app/Constitution Trail Map";
				FRAMEWORK_SEARCH_PATHS = (
					"$(SDKROOT)/Developer/Library/Frameworks",
					"$(inherited)",
					"$(DEVELOPER_FRAMEWORKS_DIR)",
				);
				GCC_PRECOMPILE_PREFIX_HEADER = YES;
				GCC_PREFIX_HEADER = "Constitution Trail Map/Constitution Trail Map-Prefix.pch";
				GCC_PREPROCESSOR_DEFINITIONS = (
					"DEBUG=1",
					"$(inherited)",
				);
				INFOPLIST_FILE = "Constitution Trail MapTests/Constitution Trail MapTests-Info.plist";
				PRODUCT_NAME = "$(TARGET_NAME)";
				TEST_HOST = "$(BUNDLE_LOADER)";
				WRAPPER_EXTENSION = xctest;
			};
			name = Debug;
		};
		2CF881221962377700C36114 /* Release */ = {
			isa = XCBuildConfiguration;
			buildSettings = {
				BUNDLE_LOADER = "$(BUILT_PRODUCTS_DIR)/Constitution Trail Map.app/Constitution Trail Map";
				FRAMEWORK_SEARCH_PATHS = (
					"$(SDKROOT)/Developer/Library/Frameworks",
					"$(inherited)",
					"$(DEVELOPER_FRAMEWORKS_DIR)",
				);
				GCC_PRECOMPILE_PREFIX_HEADER = YES;
				GCC_PREFIX_HEADER = "Constitution Trail Map/Constitution Trail Map-Prefix.pch";
				INFOPLIST_FILE = "Constitution Trail MapTests/Constitution Trail MapTests-Info.plist";
				PRODUCT_NAME = "$(TARGET_NAME)";
				TEST_HOST = "$(BUNDLE_LOADER)";
				WRAPPER_EXTENSION = xctest;
			};
			name = Release;
		};
/* End XCBuildConfiguration section */

/* Begin XCConfigurationList section */
		2CF880E31962377700C36114 /* Build configuration list for PBXProject "Constitution Trail Map" */ = {
			isa = XCConfigurationList;
			buildConfigurations = (
				2CF8811B1962377700C36114 /* Debug */,
				2CF8811C1962377700C36114 /* Release */,
			);
			defaultConfigurationIsVisible = 0;
			defaultConfigurationName = Release;
		};
		2CF8811D1962377700C36114 /* Build configuration list for PBXNativeTarget "Constitution Trail Map" */ = {
			isa = XCConfigurationList;
			buildConfigurations = (
				2CF8811E1962377700C36114 /* Debug */,
				2CF8811F1962377700C36114 /* Release */,
			);
			defaultConfigurationIsVisible = 0;
			defaultConfigurationName = Release;
		};
		2CF881201962377700C36114 /* Build configuration list for PBXNativeTarget "Constitution Trail MapTests" */ = {
			isa = XCConfigurationList;
			buildConfigurations = (
				2CF881211962377700C36114 /* Debug */,
				2CF881221962377700C36114 /* Release */,
			);
			defaultConfigurationIsVisible = 0;
			defaultConfigurationName = Release;
		};
/* End XCConfigurationList section */
	};
	rootObject = 2CF880E01962377700C36114 /* Project object */;
}
